
Microsoft Visual Studio Solution File, Format Version 12.00
# Visual Studio 15
VisualStudioVersion = 15.0.28307.168
MinimumVisualStudioVersion = 10.0.40219.1
Project("{FAE04EC0-301F-11D3-BF4B-00C04F79EFBC}") = "RabbitMQ.Web.Mvc", "RabbitMQ.Web.Mvc\RabbitMQ.Web.Mvc.csproj", "{D85A244B-E9B1-40FB-811E-8C2828784441}"
EndProject
Project("{FAE04EC0-301F-11D3-BF4B-00C04F79EFBC}") = "RabbitMQ.Consumer", "RabbitMQ.Consumer\RabbitMQ.Consumer.csproj", "{EEF8F39A-8FBE-4F98-A4B0-3D75E09C73A8}"
EndProject
Project("{FAE04EC0-301F-11D3-BF4B-00C04F79EFBC}") = "RabbitMQ.BLL", "RabbitMQ.BLL\RabbitMQ.BLL.csproj", "{C34F7274-0C67-4637-AF14-BBBAD71259D6}"
EndProject
Project("{FAE04EC0-301F-11D3-BF4B-00C04F79EFBC}") = "RabbitMQ.MODELS", "RabbitMQ.MODELS\RabbitMQ.MODELS.csproj", "{0A2235D5-BBC8-43BF-BA06-AE6D1A47ECB2}"
EndProject
Project("{FAE04EC0-301F-11D3-BF4B-00C04F79EFBC}") = "RabbitMQ.DAL", "RabbitMQ.DAL\RabbitMQ.DAL.csproj", "{48B06EEA-9AF0-4D43-804E-1D8ECA65643C}"
EndProject
Global
	GlobalSection(SolutionConfigurationPlatforms) = preSolution
		Debug|Any CPU = Debug|Any CPU
		Release|Any CPU = Release|Any CPU
	EndGlobalSection
	GlobalSection(ProjectConfigurationPlatforms) = postSolution
		{D85A244B-E9B1-40FB-811E-8C2828784441}.Debug|Any CPU.ActiveCfg = Debug|Any CPU
		{D85A244B-E9B1-40FB-811E-8C2828784441}.Debug|Any CPU.Build.0 = Debug|Any CPU
		{D85A244B-E9B1-40FB-811E-8C2828784441}.Release|Any CPU.ActiveCfg = Release|Any CPU
		{D85A244B-E9B1-40FB-811E-8C2828784441}.Release|Any CPU.Build.0 = Release|Any CPU
		{EEF8F39A-8FBE-4F98-A4B0-3D75E09C73A8}.Debug|Any CPU.ActiveCfg = Debug|Any CPU
		{EEF8F39A-8FBE-4F98-A4B0-3D75E09C73A8}.Debug|Any CPU.Build.0 = Debug|Any CPU
		{EEF8F39A-8FBE-4F98-A4B0-3D75E09C73A8}.Release|Any CPU.ActiveCfg = Release|Any CPU
		{EEF8F39A-8FBE-4F98-A4B0-3D75E09C73A8}.Release|Any CPU.Build.0 = Release|Any CPU
		{C34F7274-0C67-4637-AF14-BBBAD71259D6}.Debug|Any CPU.ActiveCfg = Debug|Any CPU
		{C34F7274-0C67-4637-AF14-BBBAD71259D6}.Debug|Any CPU.Build.0 = Debug|Any CPU
		{C34F7274-0C67-4637-AF14-BBBAD71259D6}.Release|Any CPU.ActiveCfg = Release|Any CPU
		{C34F7274-0C67-4637-AF14-BBBAD71259D6}.Release|Any CPU.Build.0 = Release|Any CPU
		{0A2235D5-BBC8-43BF-BA06-AE6D1A47ECB2}.Debug|Any CPU.ActiveCfg = Debug|Any CPU
		{0A2235D5-BBC8-43BF-BA06-AE6D1A47ECB2}.Debug|Any CPU.Build.0 = Debug|Any CPU
		{0A2235D5-BBC8-43BF-BA06-AE6D1A47ECB2}.Release|Any CPU.ActiveCfg = Release|Any CPU
		{0A2235D5-BBC8-43BF-BA06-AE6D1A47ECB2}.Release|Any CPU.Build.0 = Release|Any CPU
		{48B06EEA-9AF0-4D43-804E-1D8ECA65643C}.Debug|Any CPU.ActiveCfg = Debug|Any CPU
		{48B06EEA-9AF0-4D43-804E-1D8ECA65643C}.Debug|Any CPU.Build.0 = Debug|Any CPU
		{48B06EEA-9AF0-4D43-804E-1D8ECA65643C}.Release|Any CPU.ActiveCfg = Release|Any CPU
		{48B06EEA-9AF0-4D43-804E-1D8ECA65643C}.Release|Any CPU.Build.0 = Release|Any CPU
	EndGlobalSection
	GlobalSection(SolutionProperties) = preSolution
		HideSolutionNode = FALSE
	EndGlobalSection
	GlobalSection(ExtensibilityGlobals) = postSolution
		SolutionGuid = {05E4BB6A-36C0-41D9-BCA7-24DB77AA5367}
	EndGlobalSection
EndGlobal
